{
  "nodes": {
    "nixpkgs": {
      "locked": {
        "lastModified": 1781210847,
        "narHash": "sha256-EAvF00UEXCFfBjLE+8+I+hCrVuw+9fvmTB9vDIrJ4s4=",
        "owner": "NixOS",
        "repo": "nixpkgs",
        "rev": "c2544bb0e8dfe7e2add4b12fbb4e1d8e13b7a33e",
        "type": "github"
      },
      "original": {
        "owner": "NixOS",
        "ref": "pull/530853/head",
        "repo": "nixpkgs",
        "type": "github"
      }
    },
    "root": {
      "inputs": {
        "nixpkgs": "nixpkgs"
      }
    }
  },
  "root": "root",
  "version": 7
}
